// !$*UTF8*$!
{
	archiveVersion = 1;
	classes = {
	};
	objectVersion = 46;
	objects = {

/* Begin PBXBuildFile section */
		311E84BA1CEA3967008DCE20 /* AppDelegate.swift in Sources */ = {isa = PBXBuildFile; fileRef = 311E84B91CEA3967008DCE20 /* AppDelegate.swift */; };
		311E84BF1CEA3967008DCE20 /* Main.storyboard in Resources */ = {isa = PBXBuildFile; fileRef = 311E84BD1CEA3967008DCE20 /* Main.storyboard */; };
		311E84C11CEA3967008DCE20 /* Assets.xcassets in Resources */ = {isa = PBXBuildFile; fileRef = 311E84C01CEA3967008DCE20 /* Assets.xcassets */; };
		311E84C41CEA3967008DCE20 /* LaunchScreen.storyboard in Resources */ = {isa = PBXBuildFile; fileRef = 311E84C21CEA3967008DCE20 /* LaunchScreen.storyboard */; };
		311E84CC1CEA3993008DCE20 /* RatingControl.swift in Sources */ = {isa = PBXBuildFile; fileRef = 311E84CB1CEA3993008DCE20 /* RatingControl.swift */; };
		311E84CE1CEA76D5008DCE20 /* Movie.swift in Sources */ = {isa = PBXBuildFile; fileRef = 311E84CD1CEA76D5008DCE20 /* Movie.swift */; };
		311E84D01CEA79FC008DCE20 /* MovieTableViewCell.swift in Sources */ = {isa = PBXBuildFile; fileRef = 311E84CF1CEA79FC008DCE20 /* MovieTableViewCell.swift */; };
		311E84D21CEA7EB2008DCE20 /* MovieTableViewController.swift in Sources */ = {isa = PBXBuildFile; fileRef = 311E84D11CEA7EB2008DCE20 /* MovieTableViewController.swift */; };
		311E84D41CEA9589008DCE20 /* MovieViewController.swift in Sources */ = {isa = PBXBuildFile; fileRef = 311E84D31CEA9589008DCE20 /* MovieViewController.swift */; };
/* End PBXBuildFile section */

/* Begin PBXFileReference section */
		311E84B61CEA3967008DCE20 /* MooProject.app */ = {isa = PBXFileReference; explicitFileType = wrapper.application; includeInIndex = 0; path = MooProject.app; sourceTree = BUILT_PRODUCTS_DIR; };
		311E84B91CEA3967008DCE20 /* AppDelegate.swift */ = {isa = PBXFileReference; lastKnownFileType = sourcecode.swift; path = AppDelegate.swift; sourceTree = "<group>"; };
		311E84BE1CEA3967008DCE20 /* Base */ = {isa = PBXFileReference; lastKnownFileType = file.storyboard; name = Base; path = Base.lproj/Main.storyboard; sourceTree = "<group>"; };
		311E84C01CEA3967008DCE20 /* Assets.xcassets */ = {isa = PBXFileReference; lastKnownFileType = folder.assetcatalog; path = Assets.xcassets; sourceTree = "<group>"; };
		311E84C31CEA3967008DCE20 /* Base */ = {isa = PBXFileReference; lastKnownFileType = file.storyboard; name = Base; path = Base.lproj/LaunchScreen.storyboard; sourceTree = "<group>"; };
		311E84C51CEA3967008DCE20 /* Info.plist */ = {isa = PBXFileReference; lastKnownFileType = text.plist.xml; path = Info.plist; sourceTree = "<group>"; };
		311E84CB1CEA3993008DCE20 /* RatingControl.swift */ = {isa = PBXFileReference; fileEncoding = 4; lastKnownFileType = sourcecode.swift; path = RatingControl.swift; sourceTree = "<group>"; };
		311E84CD1CEA76D5008DCE20 /* Movie.swift */ = {isa = PBXFileReference; fileEncoding = 4; lastKnownFileType = sourcecode.swift; path = Movie.swift; sourceTree = "<group>"; };
		311E84CF1CEA79FC008DCE20 /* MovieTableViewCell.swift */ = {isa = PBXFileReference; fileEncoding = 4; lastKnownFileType = sourcecode.swift; path = MovieTableViewCell.swift; sourceTree = "<group>"; };
		311E84D11CEA7EB2008DCE20 /* MovieTableViewController.swift */ = {isa = PBXFileReference; fileEncoding = 4; lastKnownFileType = sourcecode.swift; path = MovieTableViewController.swift; sourceTree = "<group>"; };
		311E84D31CEA9589008DCE20 /* MovieViewController.swift */ = {isa = PBXFileReference; fileEncoding = 4; lastKnownFileType = sourcecode.swift; path = MovieViewController.swift; sourceTree = "<group>"; };
/* End PBXFileReference section */

/* Begin PBXFrameworksBuildPhase section */
		311E84B31CEA3967008DCE20 /* Frameworks */ = {
			isa = PBXFrameworksBuildPhase;
			buildActionMask = 2147483647;
			files = (
			);
			runOnlyForDeploymentPostprocessing = 0;
		};
/* End PBXFrameworksBuildPhase section */

/* Begin PBXGroup section */
		311E84AD1CEA3967008DCE20 = {
			isa = PBXGroup;
			children = (
				311E84B81CEA3967008DCE20 /* MooProject */,
				311E84B71CEA3967008DCE20 /* Products */,
			);
			sourceTree = "<group>";
		};
		311E84B71CEA3967008DCE20 /* Products */ = {
			isa = PBXGroup;
			children = (
				311E84B61CEA3967008DCE20 /* MooProject.app */,
			);
			name = Products;
			sourceTree = "<group>";
		};
		311E84B81CEA3967008DCE20 /* MooProject */ = {
			isa = PBXGroup;
			children = (
				311E84D31CEA9589008DCE20 /* MovieViewController.swift */,
				311E84B91CEA3967008DCE20 /* AppDelegate.swift */,
				311E84BD1CEA3967008DCE20 /* Main.storyboard */,
				311E84C01CEA3967008DCE20 /* Assets.xcassets */,
				311E84C21CEA3967008DCE20 /* LaunchScreen.storyboard */,
				311E84C51CEA3967008DCE20 /* Info.plist */,
				311E84CB1CEA3993008DCE20 /* RatingControl.swift */,
				311E84CD1CEA76D5008DCE20 /* Movie.swift */,
				311E84CF1CEA79FC008DCE20 /* MovieTableViewCell.swift */,
				311E84D11CEA7EB2008DCE20 /* MovieTableViewController.swift */,
			);
			path = MooProject;
			sourceTree = "<group>";
		};
/* End PBXGroup section */

/* Begin PBXNativeTarget section */
		311E84B51CEA3967008DCE20 /* MooProject */ = {
			isa = PBXNativeTarget;
			buildConfigurationList = 311E84C81CEA3967008DCE20 /* Build configuration list for PBXNativeTarget "MooProject" */;
			buildPhases = (
				311E84B21CEA3967008DCE20 /* Sources */,
				311E84B31CEA3967008DCE20 /* Frameworks */,
				311E84B41CEA3967008DCE20 /* Resources */,
			);
			buildRules = (
			);
			dependencies = (
			);
			name = MooProject;
			productName = MooProject;
			productReference = 311E84B61CEA3967008DCE20 /* MooProject.app */;
			productType = "com.apple.product-type.application";
		};
/* End PBXNativeTarget section */

/* Begin PBXProject section */
		311E84AE1CEA3967008DCE20 /* Project object */ = {
			isa = PBXProject;
			attributes = {
				LastSwiftUpdateCheck = 0730;
				LastUpgradeCheck = 0730;
				ORGANIZATIONNAME = SJSU;
				TargetAttributes = {
					311E84B51CEA3967008DCE20 = {
						CreatedOnToolsVersion = 7.3.1;
					};
				};
			};
			buildConfigurationList = 311E84B11CEA3967008DCE20 /* Build configuration list for PBXProject "MooProject" */;
			compatibilityVersion = "Xcode 3.2";
			developmentRegion = English;
			hasScannedForEncodings = 0;
			knownRegions = (
				en,
				Base,
			);
			mainGroup = 311E84AD1CEA3967008DCE20;
			productRefGroup = 311E84B71CEA3967008DCE20 /* Products */;
			projectDirPath = "";
			projectRoot = "";
			targets = (
				311E84B51CEA3967008DCE20 /* MooProject */,
			);
		};
/* End PBXProject section */

/* Begin PBXResourcesBuildPhase section */
		311E84B41CEA3967008DCE20 /* Resources */ = {
			isa = PBXResourcesBuildPhase;
			buildActionMask = 2147483647;
			files = (
				311E84C41CEA3967008DCE20 /* LaunchScreen.storyboard in Resources */,
				311E84C11CEA3967008DCE20 /* Assets.xcassets in Resources */,
				311E84BF1CEA3967008DCE20 /* Main.storyboard in Resources */,
			);
			runOnlyForDeploymentPostprocessing = 0;
		};
/* End PBXResourcesBuildPhase section */

/* Begin PBXSourcesBuildPhase section */
		311E84B21CEA3967008DCE20 /* Sources */ = {
			isa = PBXSourcesBuildPhase;
			buildActionMask = 2147483647;
			files = (
				311E84D01CEA79FC008DCE20 /* MovieTableViewCell.swift in Sources */,
				311E84D21CEA7EB2008DCE20 /* MovieTableViewController.swift in Sources */,
				311E84CC1CEA3993008DCE20 /* RatingControl.swift in Sources */,
				311E84CE1CEA76D5008DCE20 /* Movie.swift in Sources */,
				311E84BA1CEA3967008DCE20 /* AppDelegate.swift in Sources */,
				311E84D41CEA9589008DCE20 /* MovieViewController.swift in Sources */,
			);
			runOnlyForDeploymentPostprocessing = 0;
		};
/* End PBXSourcesBuildPhase section */

/* Begin PBXVariantGroup section */
		311E84BD1CEA3967008DCE20 /* Main.storyboard */ = {
			isa = PBXVariantGroup;
			children = (
				311E84BE1CEA3967008DCE20 /* Base */,
			);
			name = Main.storyboard;
			sourceTree = "<group>";
		};
		311E84C21CEA3967008DCE20 /* LaunchScreen.storyboard */ = {
			isa = PBXVariantGroup;
			children = (
				311E84C31CEA3967008DCE20 /* Base */,
			);
			name = LaunchScreen.storyboard;
			sourceTree = "<group>";
		};
/* End PBXVariantGroup section */

/* Begin XCBuildConfiguration section */
		311E84C61CEA3967008DCE20 /* Debug */ = {
			isa = XCBuildConfiguration;
			buildSettings = {
				ALWAYS_SEARCH_USER_PATHS = NO;
				CLANG_ANALYZER_NONNULL = YES;
				CLANG_CXX_LANGUAGE_STANDARD = "gnu++0x";
				CLANG_CXX_LIBRARY = "libc++";
				CLANG_ENABLE_MODULES = YES;
				CLANG_ENABLE_OBJC_ARC = YES;
				CLANG_WARN_BOOL_CONVERSION = YES;
				CLANG_WARN_CONSTANT_CONVERSION = YES;
				CLANG_WARN_DIRECT_OBJC_ISA_USAGE = YES_ERROR;
				CLANG_WARN_EMPTY_BODY = YES;
				CLANG_WARN_ENUM_CONVERSION = YES;
				CLANG_WARN_INT_CONVERSION = YES;
				CLANG_WARN_OBJC_ROOT_CLASS = YES_ERROR;
				CLANG_WARN_UNREACHABLE_CODE = YES;
				CLANG_WARN__DUPLICATE_METHOD_MATCH = YES;
				"CODE_SIGN_IDENTITY[sdk=iphoneos*]" = "iPhone Developer";
				COPY_PHASE_STRIP = NO;
				DEBUG_INFORMATION_FORMAT = dwarf;
				ENABLE_STRICT_OBJC_MSGSEND = YES;
				ENABLE_TESTABILITY = YES;
				GCC_C_LANGUAGE_STANDARD = gnu99;
				GCC_DYNAMIC_NO_PIC = NO;
				GCC_NO_COMMON_BLOCKS = YES;
				GCC_OPTIMIZATION_LEVEL = 0;
				GCC_PREPROCESSOR_DEFINITIONS = (
					"DEBUG=1",
					"$(inherited)",
				);
				GCC_WARN_64_TO_32_BIT_CONVERSION = YES;
				GCC_WARN_ABOUT_RETURN_TYPE = YES_ERROR;
				GCC_WARN_UNDECLARED_SELECTOR = YES;
				GCC_WARN_UNINITIALIZED_AUTOS = YES_AGGRESSIVE;
				GCC_WARN_UNUSED_FUNCTION = YES;
				GCC_WARN_UNUSED_VARIABLE = YES;
				IPHONEOS_DEPLOYMENT_TARGET = 9.3;
				MTL_ENABLE_DEBUG_INFO = YES;
				ONLY_ACTIVE_ARCH = YES;
				SDKROOT = iphoneos;
				SWIFT_OPTIMIZATION_LEVEL = "-Onone";
			};
			name = Debug;
		};
		311E84C71CEA3967008DCE20 /* Release */ = {
			isa = XCBuildConfiguration;
			buildSettings = {
				ALWAYS_SEARCH_USER_PATHS = NO;
				CLANG_ANALYZER_NONNULL = YES;
				CLANG_CXX_LANGUAGE_STANDARD = "gnu++0x";
				CLANG_CXX_LIBRARY = "libc++";
				CLANG_ENABLE_MODULES = YES;
				CLANG_ENABLE_OBJC_ARC = YES;
				CLANG_WARN_BOOL_CONVERSION = YES;
				CLANG_WARN_CONSTANT_CONVERSION = YES;
				CLANG_WARN_DIRECT_OBJC_ISA_USAGE = YES_ERROR;
				CLANG_WARN_EMPTY_BODY = YES;
				CLANG_WARN_ENUM_CONVERSION = YES;
				CLANG_WARN_INT_CONVERSION = YES;
				CLANG_WARN_OBJC_ROOT_CLASS = YES_ERROR;
				CLANG_WARN_UNREACHABLE_CODE = YES;
				CLANG_WARN__DUPLICATE_METHOD_MATCH = YES;
				"CODE_SIGN_IDENTITY[sdk=iphoneos*]" = "iPhone Developer";
				COPY_PHASE_STRIP = NO;
				DEBUG_INFORMATION_FORMAT = "dwarf-with-dsym";
				ENABLE_NS_ASSERTIONS = NO;
				ENABLE_STRICT_OBJC_MSGSEND = YES;
				GCC_C_LANGUAGE_STANDARD = gnu99;
				GCC_NO_COMMON_BLOCKS = YES;
				GCC_WARN_64_TO_32_BIT_CONVERSION = YES;
				GCC_WARN_ABOUT_RETURN_TYPE = YES_ERROR;
				GCC_WARN_UNDECLARED_SELECTOR = YES;
				GCC_WARN_UNINITIALIZED_AUTOS = YES_AGGRESSIVE;
				GCC_WARN_UNUSED_FUNCTION = YES;
				GCC_WARN_UNUSED_VARIABLE = YES;
				IPHONEOS_DEPLOYMENT_TARGET = 9.3;
				MTL_ENABLE_DEBUG_INFO = NO;
				SDKROOT = iphoneos;
				VALIDATE_PRODUCT = YES;
			};
			name = Release;
		};
		311E84C91CEA3967008DCE20 /* Debug */ = {
			isa = XCBuildConfiguration;
			buildSettings = {
				ASSETCATALOG_COMPILER_APPICON_NAME = AppIcon;
				INFOPLIST_FILE = MooProject/Info.plist;
				LD_RUNPATH_SEARCH_PATHS = "$(inherited) @executable_path/Frameworks";
				PRODUCT_BUNDLE_IDENTIFIER = edu.sjsu.MooProject;
				PRODUCT_NAME = "$(TARGET_NAME)";
			};
			name = Debug;
		};
		311E84CA1CEA3967008DCE20 /* Release */ = {
			isa = XCBuildConfiguration;
			buildSettings = {
				ASSETCATALOG_COMPILER_APPICON_NAME = AppIcon;
				INFOPLIST_FILE = MooProject/Info.plist;
				LD_RUNPATH_SEARCH_PATHS = "$(inherited) @executable_path/Frameworks";
				PRODUCT_BUNDLE_IDENTIFIER = edu.sjsu.MooProject;
				PRODUCT_NAME = "$(TARGET_NAME)";
			};
			name = Release;
		};
/* End XCBuildConfiguration section */

/* Begin XCConfigurationList section */
		311E84B11CEA3967008DCE20 /* Build configuration list for PBXProject "MooProject" */ = {
			isa = XCConfigurationList;
			buildConfigurations = (
				311E84C61CEA3967008DCE20 /* Debug */,
				311E84C71CEA3967008DCE20 /* Release */,
			);
			defaultConfigurationIsVisible = 0;
			defaultConfigurationName = Release;
		};
		311E84C81CEA3967008DCE20 /* Build configuration list for PBXNativeTarget "MooProject" */ = {
			isa = XCConfigurationList;
			buildConfigurations = (
				311E84C91CEA3967008DCE20 /* Debug */,
				311E84CA1CEA3967008DCE20 /* Release */,
			);
			defaultConfigurationIsVisible = 0;
		};
/* End XCConfigurationList section */
	};
	rootObject = 311E84AE1CEA3967008DCE20 /* Project object */;
}
